PODS:
  - Branch (0.25.9):
    - Branch/Core (= 0.25.9)
  - Branch/Core (0.25.9)

DEPENDENCIES:
  - Branch

SPEC REPOS:
  https://github.com/cocoapods/specs.git:
    - Branch

SPEC CHECKSUMS:
  Branch: 4a6f15f781bc40b19076a4fc4f2cd3c9eaad1338

PODFILE CHECKSUM: 68ce685c7fd45be22779d9e4b403cc1178ed8ce7

COCOAPODS: 1.5.3
